
Microsoft Visual Studio Solution File, Format Version 12.00
# Visual Studio 15
VisualStudioVersion = 15.0.28307.421
MinimumVisualStudioVersion = 10.0.40219.1
Project("{9A19103F-16F7-4668-BE54-9A1E7A4F7556}") = "ConsoleApp1", "ConsoleApp1\ConsoleApp1.csproj", "{85185AE5-6F58-4D9E-A6BC-88856848F245}"
EndProject
Project("{FAE04EC0-301F-11D3-BF4B-00C04F79EFBC}") = "ConsoleApp2", "ConsoleApp2\ConsoleApp2.csproj", "{13BBB8FE-A203-49BA-9F6F-040A88F9ADCB}"
EndProject
Global
	GlobalSection(SolutionConfigurationPlatforms) = preSolution
		Debug|Any CPU = Debug|Any CPU
		Release|Any CPU = Release|Any CPU
	EndGlobalSection
	GlobalSection(ProjectConfigurationPlatforms) = postSolution
		{85185AE5-6F58-4D9E-A6BC-88856848F245}.Debug|Any CPU.ActiveCfg = Debug|Any CPU
		{85185AE5-6F58-4D9E-A6BC-88856848F245}.Debug|Any CPU.Build.0 = Debug|Any CPU
		{85185AE5-6F58-4D9E-A6BC-88856848F245}.Release|Any CPU.ActiveCfg = Release|Any CPU
		{85185AE5-6F58-4D9E-A6BC-88856848F245}.Release|Any CPU.Build.0 = Release|Any CPU
		{13BBB8FE-A203-49BA-9F6F-040A88F9ADCB}.Debug|Any CPU.ActiveCfg = Debug|Any CPU
		{13BBB8FE-A203-49BA-9F6F-040A88F9ADCB}.Debug|Any CPU.Build.0 = Debug|Any CPU
		{13BBB8FE-A203-49BA-9F6F-040A88F9ADCB}.Release|Any CPU.ActiveCfg = Release|Any CPU
		{13BBB8FE-A203-49BA-9F6F-040A88F9ADCB}.Release|Any CPU.Build.0 = Release|Any CPU
	EndGlobalSection
	GlobalSection(SolutionProperties) = preSolution
		HideSolutionNode = FALSE
	EndGlobalSection
	GlobalSection(ExtensibilityGlobals) = postSolution
		SolutionGuid = {AE84DCE8-4B45-460D-8372-60A2F5A87554}
	EndGlobalSection
EndGlobal
